{
  "name": "coinelity.aspserver",
  "version": "0.0.1",
  "lockfileVersion": 1,
  "requires": true,
  "dependencies": {
    "@aspnet/signalr": {
      "version": "1.0.3",
      "resolved": "https://registry.npmjs.org/@aspnet/signalr/-/signalr-1.0.3.tgz",
      "integrity": "sha512-8nPSarp4k+oP2M6P7tw2FZMXOMR86wH9GPb/4wiqA18c4Ds88SUmE0pSpnNQPDOoWGMj6y9F2Xz5JyoynCPXWQ=="
    },
    "highcharts": {
      "version": "6.1.3",
      "resolved": "https://registry.npmjs.org/highcharts/-/highcharts-6.1.3.tgz",
      "integrity": "sha512-f6Srq0KRRi31jJrmwDmFBAI3P5t5khhBoQXU91UrfqKEVVGxUYi0Gu3e14pIXKmrYkJDYTUwxC1alhLs2u3LkA=="
    },
    "material-shadows": {
      "version": "3.0.1",
      "resolved": "https://registry.npmjs.org/material-shadows/-/material-shadows-3.0.1.tgz",
      "integrity": "sha1-WGrRKxZzYKjk6Je/dTDLaazqURA="
    },
    "plotly.js-dist": {
      "version": "1.41.3",
      "resolved": "https://registry.npmjs.org/plotly.js-dist/-/plotly.js-dist-1.41.3.tgz",
      "integrity": "sha512-ATlbJ1yqaBjMMS/KfayrWFIOBqzISM1uo4DD+O5zmrsINUPmQnHcQgMJta3UxhEEnMGVj49XqtYLzPmBJoaHDg=="
    },
    "plotly.js-finance-dist": {
      "version": "1.41.3",
      "resolved": "https://registry.npmjs.org/plotly.js-finance-dist/-/plotly.js-finance-dist-1.41.3.tgz",
      "integrity": "sha512-Vw9c9ILYhpBUbLWw/SXOTDOb1RT7G6yB9+4s6+k8lh2PdcnSQfZYDaAXQ4KAWGQks5Xget+vUUjEElWsM+tXZw=="
    },
    "sweetalert2": {
      "version": "7.26.29",
      "resolved": "https://registry.npmjs.org/sweetalert2/-/sweetalert2-7.26.29.tgz",
      "integrity": "sha512-J6i3MCsn9GNBdvHduC9zzGpN98ySdq9ik1fkoC4OfqVjuCtw5Ehfm9YA4ptSmnSNH6jr4hDZkSIoW16uxxZkqw=="
    },
    "when-dom-ready": {
      "version": "1.2.12",
      "resolved": "https://registry.npmjs.org/when-dom-ready/-/when-dom-ready-1.2.12.tgz",
      "integrity": "sha1-mfRvAu9l27K7L0tYxEWII05yTJg="
    }
  }
}
